
Microsoft Visual Studio Solution File, Format Version 12.00
# Visual Studio Version 16
VisualStudioVersion = 16.0.31624.102
MinimumVisualStudioVersion = 10.0.40219.1
Project("{FAE04EC0-301F-11D3-BF4B-00C04F79EFBC}") = "BookingSystem", "BookingSystem\BookingSystem.csproj", "{EF81AB0A-1F0A-4CFE-9539-0A7C6EF34ED5}"
EndProject
Global
	GlobalSection(SolutionConfigurationPlatforms) = preSolution
		Debug|Any CPU = Debug|Any CPU
		Release|Any CPU = Release|Any CPU
	EndGlobalSection
	GlobalSection(ProjectConfigurationPlatforms) = postSolution
		{EF81AB0A-1F0A-4CFE-9539-0A7C6EF34ED5}.Debug|Any CPU.ActiveCfg = Debug|Any CPU
		{EF81AB0A-1F0A-4CFE-9539-0A7C6EF34ED5}.Debug|Any CPU.Build.0 = Debug|Any CPU
		{EF81AB0A-1F0A-4CFE-9539-0A7C6EF34ED5}.Release|Any CPU.ActiveCfg = Release|Any CPU
		{EF81AB0A-1F0A-4CFE-9539-0A7C6EF34ED5}.Release|Any CPU.Build.0 = Release|Any CPU
	EndGlobalSection
	GlobalSection(SolutionProperties) = preSolution
		HideSolutionNode = FALSE
	EndGlobalSection
	GlobalSection(ExtensibilityGlobals) = postSolution
		SolutionGuid = {A15F7B80-6568-4F66-96A0-C95227CBD986}
	EndGlobalSection
EndGlobal
